
Microsoft Visual Studio Solution File, Format Version 12.00
# Visual Studio 15
VisualStudioVersion = 15.0.28307.271
MinimumVisualStudioVersion = 10.0.40219.1
Project("{FAE04EC0-301F-11D3-BF4B-00C04F79EFBC}") = "ApiGitHub", "ApiGitHub\ApiGitHub.csproj", "{55D95BD9-7292-4EFB-822C-27FA764E8530}"
EndProject
Global
	GlobalSection(SolutionConfigurationPlatforms) = preSolution
		Debug|Any CPU = Debug|Any CPU
		Release|Any CPU = Release|Any CPU
	EndGlobalSection
	GlobalSection(ProjectConfigurationPlatforms) = postSolution
		{55D95BD9-7292-4EFB-822C-27FA764E8530}.Debug|Any CPU.ActiveCfg = Debug|Any CPU
		{55D95BD9-7292-4EFB-822C-27FA764E8530}.Debug|Any CPU.Build.0 = Debug|Any CPU
		{55D95BD9-7292-4EFB-822C-27FA764E8530}.Release|Any CPU.ActiveCfg = Release|Any CPU
		{55D95BD9-7292-4EFB-822C-27FA764E8530}.Release|Any CPU.Build.0 = Release|Any CPU
	EndGlobalSection
	GlobalSection(SolutionProperties) = preSolution
		HideSolutionNode = FALSE
	EndGlobalSection
	GlobalSection(ExtensibilityGlobals) = postSolution
		SolutionGuid = {A47E758D-4BDB-4F0B-8D78-31F22D844D43}
	EndGlobalSection
EndGlobal
